
Microsoft Visual Studio Solution File, Format Version 12.00
# Visual Studio Version 16
VisualStudioVersion = 16.0.29709.97
MinimumVisualStudioVersion = 10.0.40219.1
Project("{2150E333-8FDC-42A3-9474-1A3956D46DE8}") = "1 - WebApi", "1 - WebApi", "{844F283B-9B54-4468-9EE1-37F5A65DEE4E}"
EndProject
Project("{2150E333-8FDC-42A3-9474-1A3956D46DE8}") = "src", "src", "{2F3D6A05-FCD3-42EC-BE8D-BF8C783F2A3A}"
EndProject
Project("{2150E333-8FDC-42A3-9474-1A3956D46DE8}") = "1.1 - Api", "1.1 - Api", "{A25B64DC-855D-471C-8D1B-634E4D245792}"
EndProject
Project("{2150E333-8FDC-42A3-9474-1A3956D46DE8}") = "1.2 - Application", "1.2 - Application", "{6C316B77-B181-43F6-B181-FDEAC439282D}"
EndProject
Project("{2150E333-8FDC-42A3-9474-1A3956D46DE8}") = "1.3 - Domain", "1.3 - Domain", "{9800D23D-B772-4D9F-8837-8B596436AD2E}"
EndProject
Project("{2150E333-8FDC-42A3-9474-1A3956D46DE8}") = "1.4 - Infra", "1.4 - Infra", "{7ADF9720-025A-4F5A-8BC0-9B6F11A23920}"
EndProject
Project("{2150E333-8FDC-42A3-9474-1A3956D46DE8}") = "1.4.1 - Data", "1.4.1 - Data", "{256DD1D3-D3E5-4A2D-AE2B-CEF7722A07C6}"
EndProject
Project("{2150E333-8FDC-42A3-9474-1A3956D46DE8}") = "1.4.2 - CrossCutting", "1.4.2 - CrossCutting", "{1D146909-B62D-42F4-AFB4-FC7999D6EAB2}"
EndProject
Project("{2150E333-8FDC-42A3-9474-1A3956D46DE8}") = "2 - Utils", "2 - Utils", "{C56BF1E1-64EE-4A52-B383-29E661C9E3CC}"
EndProject
Project("{9A19103F-16F7-4668-BE54-9A1E7A4F7556}") = "TaskList.Api", "src\WebApi\TaskList.Api\TaskList.Api.csproj", "{B021E5FC-0318-425C-A1B6-89615BB92534}"
EndProject
Project("{9A19103F-16F7-4668-BE54-9A1E7A4F7556}") = "TaskList.Application", "src\WebApi\TaskList.Application\TaskList.Application.csproj", "{F4EC3A4B-C379-4F28-B8ED-D73D70BDD368}"
EndProject
Project("{9A19103F-16F7-4668-BE54-9A1E7A4F7556}") = "TaskList.Domain", "src\WebApi\TaskList.Domain\TaskList.Domain.csproj", "{79C827C9-9C4D-4268-A2E4-76F40ADB8D62}"
EndProject
Project("{9A19103F-16F7-4668-BE54-9A1E7A4F7556}") = "TaskList.Infra.Data.Context", "src\WebApi\TaskList.Infra.Data.Context\TaskList.Infra.Data.Context.csproj", "{881AE766-5040-40E4-AB54-2B6902E5A9DA}"
EndProject
Project("{9A19103F-16F7-4668-BE54-9A1E7A4F7556}") = "TaskList.Infra.Data.Repository", "src\WebApi\TaskList.Infra.Data.Repository\TaskList.Infra.Data.Repository.csproj", "{37D75295-CFE4-4667-904D-DD7C4E29961A}"
EndProject
Project("{9A19103F-16F7-4668-BE54-9A1E7A4F7556}") = "TaskList.Infra.CrossCutting.Identity", "src\WebApi\TaskList.Infra.CrossCutting.Identity\TaskList.Infra.CrossCutting.Identity.csproj", "{55AF3137-7A84-43A4-ABD4-997A45DA49DC}"
EndProject
Project("{9A19103F-16F7-4668-BE54-9A1E7A4F7556}") = "TaskList.Infra.CrossCutting.IoC", "src\WebApi\TaskList.Infra.CrossCutting.IoC\TaskList.Infra.CrossCutting.IoC.csproj", "{D4775E90-A68E-4F39-AFD9-5C63465C48D3}"
EndProject
Project("{9A19103F-16F7-4668-BE54-9A1E7A4F7556}") = "Utils.Authentication", "src\Utilitarios\Utils.Authentication\Utils.Authentication.csproj", "{6D52868B-F211-488D-A8DF-C5FC4528D709}"
EndProject
Project("{9A19103F-16F7-4668-BE54-9A1E7A4F7556}") = "Utils.Authentication.Jwt", "src\Utilitarios\Utils.Authentication.Jwt\Utils.Authentication.Jwt.csproj", "{E6140002-C62D-4118-88D5-EC483FC58C05}"
EndProject
Project("{9A19103F-16F7-4668-BE54-9A1E7A4F7556}") = "Utils.Domain", "src\Utilitarios\Utils.Domain\Utils.Domain.csproj", "{A3BD5A8B-C098-4917-929B-383E173C1038}"
EndProject
Project("{9A19103F-16F7-4668-BE54-9A1E7A4F7556}") = "Utils.EntityFramework.SqlDataContext", "src\Utilitarios\Utils.EntityFramework.SqlDataContext\Utils.EntityFramework.SqlDataContext.csproj", "{0CDACBB3-D245-4733-8C21-2F1542356B1C}"
EndProject
Project("{9A19103F-16F7-4668-BE54-9A1E7A4F7556}") = "Utils.Identity", "src\Utilitarios\Utils.Identity\Utils.Identity.csproj", "{1B664B5B-4C26-4928-816C-0A225517FAB0}"
EndProject
Project("{9A19103F-16F7-4668-BE54-9A1E7A4F7556}") = "Utils.Mediator", "src\Utilitarios\Utils.Mediator\Utils.Mediator.csproj", "{6CB61325-1221-46F7-A068-CF2F9C52C635}"
EndProject
Global
	GlobalSection(SolutionConfigurationPlatforms) = preSolution
		Debug|Any CPU = Debug|Any CPU
		Release|Any CPU = Release|Any CPU
	EndGlobalSection
	GlobalSection(ProjectConfigurationPlatforms) = postSolution
		{B021E5FC-0318-425C-A1B6-89615BB92534}.Debug|Any CPU.ActiveCfg = Debug|Any CPU
		{B021E5FC-0318-425C-A1B6-89615BB92534}.Debug|Any CPU.Build.0 = Debug|Any CPU
		{B021E5FC-0318-425C-A1B6-89615BB92534}.Release|Any CPU.ActiveCfg = Release|Any CPU
		{B021E5FC-0318-425C-A1B6-89615BB92534}.Release|Any CPU.Build.0 = Release|Any CPU
		{F4EC3A4B-C379-4F28-B8ED-D73D70BDD368}.Debug|Any CPU.ActiveCfg = Debug|Any CPU
		{F4EC3A4B-C379-4F28-B8ED-D73D70BDD368}.Debug|Any CPU.Build.0 = Debug|Any CPU
		{F4EC3A4B-C379-4F28-B8ED-D73D70BDD368}.Release|Any CPU.ActiveCfg = Release|Any CPU
		{F4EC3A4B-C379-4F28-B8ED-D73D70BDD368}.Release|Any CPU.Build.0 = Release|Any CPU
		{79C827C9-9C4D-4268-A2E4-76F40ADB8D62}.Debug|Any CPU.ActiveCfg = Debug|Any CPU
		{79C827C9-9C4D-4268-A2E4-76F40ADB8D62}.Debug|Any CPU.Build.0 = Debug|Any CPU
		{79C827C9-9C4D-4268-A2E4-76F40ADB8D62}.Release|Any CPU.ActiveCfg = Release|Any CPU
		{79C827C9-9C4D-4268-A2E4-76F40ADB8D62}.Release|Any CPU.Build.0 = Release|Any CPU
		{881AE766-5040-40E4-AB54-2B6902E5A9DA}.Debug|Any CPU.ActiveCfg = Debug|Any CPU
		{881AE766-5040-40E4-AB54-2B6902E5A9DA}.Debug|Any CPU.Build.0 = Debug|Any CPU
		{881AE766-5040-40E4-AB54-2B6902E5A9DA}.Release|Any CPU.ActiveCfg = Release|Any CPU
		{881AE766-5040-40E4-AB54-2B6902E5A9DA}.Release|Any CPU.Build.0 = Release|Any CPU
		{37D75295-CFE4-4667-904D-DD7C4E29961A}.Debug|Any CPU.ActiveCfg = Debug|Any CPU
		{37D75295-CFE4-4667-904D-DD7C4E29961A}.Debug|Any CPU.Build.0 = Debug|Any CPU
		{37D75295-CFE4-4667-904D-DD7C4E29961A}.Release|Any CPU.ActiveCfg = Release|Any CPU
		{37D75295-CFE4-4667-904D-DD7C4E29961A}.Release|Any CPU.Build.0 = Release|Any CPU
		{55AF3137-7A84-43A4-ABD4-997A45DA49DC}.Debug|Any CPU.ActiveCfg = Debug|Any CPU
		{55AF3137-7A84-43A4-ABD4-997A45DA49DC}.Debug|Any CPU.Build.0 = Debug|Any CPU
		{55AF3137-7A84-43A4-ABD4-997A45DA49DC}.Release|Any CPU.ActiveCfg = Release|Any CPU
		{55AF3137-7A84-43A4-ABD4-997A45DA49DC}.Release|Any CPU.Build.0 = Release|Any CPU
		{D4775E90-A68E-4F39-AFD9-5C63465C48D3}.Debug|Any CPU.ActiveCfg = Debug|Any CPU
		{D4775E90-A68E-4F39-AFD9-5C63465C48D3}.Debug|Any CPU.Build.0 = Debug|Any CPU
		{D4775E90-A68E-4F39-AFD9-5C63465C48D3}.Release|Any CPU.ActiveCfg = Release|Any CPU
		{D4775E90-A68E-4F39-AFD9-5C63465C48D3}.Release|Any CPU.Build.0 = Release|Any CPU
		{6D52868B-F211-488D-A8DF-C5FC4528D709}.Debug|Any CPU.ActiveCfg = Debug|Any CPU
		{6D52868B-F211-488D-A8DF-C5FC4528D709}.Debug|Any CPU.Build.0 = Debug|Any CPU
		{6D52868B-F211-488D-A8DF-C5FC4528D709}.Release|Any CPU.ActiveCfg = Release|Any CPU
		{6D52868B-F211-488D-A8DF-C5FC4528D709}.Release|Any CPU.Build.0 = Release|Any CPU
		{E6140002-C62D-4118-88D5-EC483FC58C05}.Debug|Any CPU.ActiveCfg = Debug|Any CPU
		{E6140002-C62D-4118-88D5-EC483FC58C05}.Debug|Any CPU.Build.0 = Debug|Any CPU
		{E6140002-C62D-4118-88D5-EC483FC58C05}.Release|Any CPU.ActiveCfg = Release|Any CPU
		{E6140002-C62D-4118-88D5-EC483FC58C05}.Release|Any CPU.Build.0 = Release|Any CPU
		{A3BD5A8B-C098-4917-929B-383E173C1038}.Debug|Any CPU.ActiveCfg = Debug|Any CPU
		{A3BD5A8B-C098-4917-929B-383E173C1038}.Debug|Any CPU.Build.0 = Debug|Any CPU
		{A3BD5A8B-C098-4917-929B-383E173C1038}.Release|Any CPU.ActiveCfg = Release|Any CPU
		{A3BD5A8B-C098-4917-929B-383E173C1038}.Release|Any CPU.Build.0 = Release|Any CPU
		{0CDACBB3-D245-4733-8C21-2F1542356B1C}.Debug|Any CPU.ActiveCfg = Debug|Any CPU
		{0CDACBB3-D245-4733-8C21-2F1542356B1C}.Debug|Any CPU.Build.0 = Debug|Any CPU
		{0CDACBB3-D245-4733-8C21-2F1542356B1C}.Release|Any CPU.ActiveCfg = Release|Any CPU
		{0CDACBB3-D245-4733-8C21-2F1542356B1C}.Release|Any CPU.Build.0 = Release|Any CPU
		{1B664B5B-4C26-4928-816C-0A225517FAB0}.Debug|Any CPU.ActiveCfg = Debug|Any CPU
		{1B664B5B-4C26-4928-816C-0A225517FAB0}.Debug|Any CPU.Build.0 = Debug|Any CPU
		{1B664B5B-4C26-4928-816C-0A225517FAB0}.Release|Any CPU.ActiveCfg = Release|Any CPU
		{1B664B5B-4C26-4928-816C-0A225517FAB0}.Release|Any CPU.Build.0 = Release|Any CPU
		{6CB61325-1221-46F7-A068-CF2F9C52C635}.Debug|Any CPU.ActiveCfg = Debug|Any CPU
		{6CB61325-1221-46F7-A068-CF2F9C52C635}.Debug|Any CPU.Build.0 = Debug|Any CPU
		{6CB61325-1221-46F7-A068-CF2F9C52C635}.Release|Any CPU.ActiveCfg = Release|Any CPU
		{6CB61325-1221-46F7-A068-CF2F9C52C635}.Release|Any CPU.Build.0 = Release|Any CPU
	EndGlobalSection
	GlobalSection(SolutionProperties) = preSolution
		HideSolutionNode = FALSE
	EndGlobalSection
	GlobalSection(NestedProjects) = preSolution
		{844F283B-9B54-4468-9EE1-37F5A65DEE4E} = {2F3D6A05-FCD3-42EC-BE8D-BF8C783F2A3A}
		{A25B64DC-855D-471C-8D1B-634E4D245792} = {844F283B-9B54-4468-9EE1-37F5A65DEE4E}
		{6C316B77-B181-43F6-B181-FDEAC439282D} = {844F283B-9B54-4468-9EE1-37F5A65DEE4E}
		{9800D23D-B772-4D9F-8837-8B596436AD2E} = {844F283B-9B54-4468-9EE1-37F5A65DEE4E}
		{7ADF9720-025A-4F5A-8BC0-9B6F11A23920} = {844F283B-9B54-4468-9EE1-37F5A65DEE4E}
		{256DD1D3-D3E5-4A2D-AE2B-CEF7722A07C6} = {7ADF9720-025A-4F5A-8BC0-9B6F11A23920}
		{1D146909-B62D-42F4-AFB4-FC7999D6EAB2} = {7ADF9720-025A-4F5A-8BC0-9B6F11A23920}
		{C56BF1E1-64EE-4A52-B383-29E661C9E3CC} = {2F3D6A05-FCD3-42EC-BE8D-BF8C783F2A3A}
		{B021E5FC-0318-425C-A1B6-89615BB92534} = {A25B64DC-855D-471C-8D1B-634E4D245792}
		{F4EC3A4B-C379-4F28-B8ED-D73D70BDD368} = {6C316B77-B181-43F6-B181-FDEAC439282D}
		{79C827C9-9C4D-4268-A2E4-76F40ADB8D62} = {9800D23D-B772-4D9F-8837-8B596436AD2E}
		{881AE766-5040-40E4-AB54-2B6902E5A9DA} = {256DD1D3-D3E5-4A2D-AE2B-CEF7722A07C6}
		{37D75295-CFE4-4667-904D-DD7C4E29961A} = {256DD1D3-D3E5-4A2D-AE2B-CEF7722A07C6}
		{55AF3137-7A84-43A4-ABD4-997A45DA49DC} = {1D146909-B62D-42F4-AFB4-FC7999D6EAB2}
		{D4775E90-A68E-4F39-AFD9-5C63465C48D3} = {1D146909-B62D-42F4-AFB4-FC7999D6EAB2}
		{6D52868B-F211-488D-A8DF-C5FC4528D709} = {C56BF1E1-64EE-4A52-B383-29E661C9E3CC}
		{E6140002-C62D-4118-88D5-EC483FC58C05} = {C56BF1E1-64EE-4A52-B383-29E661C9E3CC}
		{A3BD5A8B-C098-4917-929B-383E173C1038} = {C56BF1E1-64EE-4A52-B383-29E661C9E3CC}
		{0CDACBB3-D245-4733-8C21-2F1542356B1C} = {C56BF1E1-64EE-4A52-B383-29E661C9E3CC}
		{1B664B5B-4C26-4928-816C-0A225517FAB0} = {C56BF1E1-64EE-4A52-B383-29E661C9E3CC}
		{6CB61325-1221-46F7-A068-CF2F9C52C635} = {C56BF1E1-64EE-4A52-B383-29E661C9E3CC}
	EndGlobalSection
	GlobalSection(ExtensibilityGlobals) = postSolution
		SolutionGuid = {AAA86079-D504-4AD2-8B92-5652D634A793}
	EndGlobalSection
EndGlobal
